
Microsoft Visual Studio Solution File, Format Version 12.00
Project("{2150E333-8FDC-42A3-9474-1A3956D46DE8}") = "src", "src", "{8EF69FCB-DE40-4219-B0C4-37EDC06B770A}"
EndProject
Project("{FAE04EC0-301F-11D3-BF4B-00C04F79EFBC}") = "MicroserviceTemplate.DTO", "MicroserviceTemplate\src\MicroserviceTemplate.DTO\MicroserviceTemplate.DTO.csproj", "{4D2150CC-FBC0-45CF-9CA5-F0557C4FCC01}"
EndProject
Project("{FAE04EC0-301F-11D3-BF4B-00C04F79EFBC}") = "MicroserviceTemplate.Model", "MicroserviceTemplate\src\MicroserviceTemplate.Model\MicroserviceTemplate.Model.csproj", "{02B2CE27-0250-4F89-AB23-E39BCC0B7838}"
EndProject
Project("{2150E333-8FDC-42A3-9474-1A3956D46DE8}") = "config", "config", "{DCD04BC8-B718-421A-8054-4F76645B7380}"
	ProjectSection(SolutionItems) = preProject
		MicroserviceTemplate\nuget.config = MicroserviceTemplate\nuget.config
		MicroserviceTemplate\Directory.Packages.props = MicroserviceTemplate\Directory.Packages.props
		MicroserviceTemplate\global.json = MicroserviceTemplate\global.json
	EndProjectSection
EndProject
Global
	GlobalSection(SolutionConfigurationPlatforms) = preSolution
		Debug|Any CPU = Debug|Any CPU
		Release|Any CPU = Release|Any CPU
	EndGlobalSection
	GlobalSection(ProjectConfigurationPlatforms) = postSolution
		{4D2150CC-FBC0-45CF-9CA5-F0557C4FCC01}.Debug|Any CPU.ActiveCfg = Debug|Any CPU
		{4D2150CC-FBC0-45CF-9CA5-F0557C4FCC01}.Debug|Any CPU.Build.0 = Debug|Any CPU
		{4D2150CC-FBC0-45CF-9CA5-F0557C4FCC01}.Release|Any CPU.ActiveCfg = Release|Any CPU
		{4D2150CC-FBC0-45CF-9CA5-F0557C4FCC01}.Release|Any CPU.Build.0 = Release|Any CPU
		{02B2CE27-0250-4F89-AB23-E39BCC0B7838}.Debug|Any CPU.ActiveCfg = Debug|Any CPU
		{02B2CE27-0250-4F89-AB23-E39BCC0B7838}.Debug|Any CPU.Build.0 = Debug|Any CPU
		{02B2CE27-0250-4F89-AB23-E39BCC0B7838}.Release|Any CPU.ActiveCfg = Release|Any CPU
		{02B2CE27-0250-4F89-AB23-E39BCC0B7838}.Release|Any CPU.Build.0 = Release|Any CPU
	EndGlobalSection
	GlobalSection(NestedProjects) = preSolution
		{4D2150CC-FBC0-45CF-9CA5-F0557C4FCC01} = {8EF69FCB-DE40-4219-B0C4-37EDC06B770A}
		{02B2CE27-0250-4F89-AB23-E39BCC0B7838} = {8EF69FCB-DE40-4219-B0C4-37EDC06B770A}
	EndGlobalSection
EndGlobal
