
Microsoft Visual Studio Solution File, Format Version 12.00
Project("{FAE04EC0-301F-11D3-BF4B-00C04F79EFBC}") = "MicroserviceTemplate.Core", "MicroserviceTemplate\src\MicroserviceTemplate.Core\MicroserviceTemplate.Core.csproj", "{81C46635-A9C2-4129-BA87-61AEAEC8A584}"
EndProject
Project("{FAE04EC0-301F-11D3-BF4B-00C04F79EFBC}") = "MicroserviceTemplate.Web", "MicroserviceTemplate\src\MicroserviceTemplate.Web\MicroserviceTemplate.Web.csproj", "{2DAF57C3-F1DB-4D8C-BC43-2A9BA0DABB3A}"
EndProject
Project("{FAE04EC0-301F-11D3-BF4B-00C04F79EFBC}") = "MicroserviceTemplate.SharedKernel", "MicroserviceTemplate\src\MicroserviceTemplate.SharedKernel\MicroserviceTemplate.SharedKernel.csproj", "{3B4BF370-14F3-4D40-897D-D5CB01624401}"
EndProject
Project("{FAE04EC0-301F-11D3-BF4B-00C04F79EFBC}") = "MicroserviceTemplate.Infrastructure", "MicroserviceTemplate\src\MicroserviceTemplate.Infrastructure\MicroserviceTemplate.Infrastructure.csproj", "{5A4E5860-E0EE-43E8-9022-E0E6FA6B7015}"
EndProject
Project("{FAE04EC0-301F-11D3-BF4B-00C04F79EFBC}") = "MicroserviceTemplate.FunctionalTests", "MicroserviceTemplate\tests\MicroserviceTemplate.FunctionalTests\MicroserviceTemplate.FunctionalTests.csproj", "{D710C338-DD6D-462A-B136-45DA57ABF2FC}"
EndProject
Project("{FAE04EC0-301F-11D3-BF4B-00C04F79EFBC}") = "MicroserviceTemplate.UnitTests", "MicroserviceTemplate\tests\MicroserviceTemplate.UnitTests\MicroserviceTemplate.UnitTests.csproj", "{3548E29B-03C1-4E9D-8DC1-F3173F08AD06}"
EndProject
Project("{FAE04EC0-301F-11D3-BF4B-00C04F79EFBC}") = "MicroserviceTemplate.IntegrationTests", "MicroserviceTemplate\tests\MicroserviceTemplate.IntegrationTests\MicroserviceTemplate.IntegrationTests.csproj", "{440317DC-DB75-402D-AB4C-FF3280A4C114}"
EndProject
Global
	GlobalSection(SolutionConfigurationPlatforms) = preSolution
		Debug|Any CPU = Debug|Any CPU
		Release|Any CPU = Release|Any CPU
	EndGlobalSection
	GlobalSection(ProjectConfigurationPlatforms) = postSolution
		{81C46635-A9C2-4129-BA87-61AEAEC8A584}.Debug|Any CPU.ActiveCfg = Debug|Any CPU
		{81C46635-A9C2-4129-BA87-61AEAEC8A584}.Debug|Any CPU.Build.0 = Debug|Any CPU
		{81C46635-A9C2-4129-BA87-61AEAEC8A584}.Release|Any CPU.ActiveCfg = Release|Any CPU
		{81C46635-A9C2-4129-BA87-61AEAEC8A584}.Release|Any CPU.Build.0 = Release|Any CPU
		{2DAF57C3-F1DB-4D8C-BC43-2A9BA0DABB3A}.Debug|Any CPU.ActiveCfg = Debug|Any CPU
		{2DAF57C3-F1DB-4D8C-BC43-2A9BA0DABB3A}.Debug|Any CPU.Build.0 = Debug|Any CPU
		{2DAF57C3-F1DB-4D8C-BC43-2A9BA0DABB3A}.Release|Any CPU.ActiveCfg = Release|Any CPU
		{2DAF57C3-F1DB-4D8C-BC43-2A9BA0DABB3A}.Release|Any CPU.Build.0 = Release|Any CPU
		{3B4BF370-14F3-4D40-897D-D5CB01624401}.Debug|Any CPU.ActiveCfg = Debug|Any CPU
		{3B4BF370-14F3-4D40-897D-D5CB01624401}.Debug|Any CPU.Build.0 = Debug|Any CPU
		{3B4BF370-14F3-4D40-897D-D5CB01624401}.Release|Any CPU.ActiveCfg = Release|Any CPU
		{3B4BF370-14F3-4D40-897D-D5CB01624401}.Release|Any CPU.Build.0 = Release|Any CPU
		{5A4E5860-E0EE-43E8-9022-E0E6FA6B7015}.Debug|Any CPU.ActiveCfg = Debug|Any CPU
		{5A4E5860-E0EE-43E8-9022-E0E6FA6B7015}.Debug|Any CPU.Build.0 = Debug|Any CPU
		{5A4E5860-E0EE-43E8-9022-E0E6FA6B7015}.Release|Any CPU.ActiveCfg = Release|Any CPU
		{5A4E5860-E0EE-43E8-9022-E0E6FA6B7015}.Release|Any CPU.Build.0 = Release|Any CPU
		{D710C338-DD6D-462A-B136-45DA57ABF2FC}.Debug|Any CPU.ActiveCfg = Debug|Any CPU
		{D710C338-DD6D-462A-B136-45DA57ABF2FC}.Debug|Any CPU.Build.0 = Debug|Any CPU
		{D710C338-DD6D-462A-B136-45DA57ABF2FC}.Release|Any CPU.ActiveCfg = Release|Any CPU
		{D710C338-DD6D-462A-B136-45DA57ABF2FC}.Release|Any CPU.Build.0 = Release|Any CPU
		{3548E29B-03C1-4E9D-8DC1-F3173F08AD06}.Debug|Any CPU.ActiveCfg = Debug|Any CPU
		{3548E29B-03C1-4E9D-8DC1-F3173F08AD06}.Debug|Any CPU.Build.0 = Debug|Any CPU
		{3548E29B-03C1-4E9D-8DC1-F3173F08AD06}.Release|Any CPU.ActiveCfg = Release|Any CPU
		{3548E29B-03C1-4E9D-8DC1-F3173F08AD06}.Release|Any CPU.Build.0 = Release|Any CPU
		{440317DC-DB75-402D-AB4C-FF3280A4C114}.Debug|Any CPU.ActiveCfg = Debug|Any CPU
		{440317DC-DB75-402D-AB4C-FF3280A4C114}.Debug|Any CPU.Build.0 = Debug|Any CPU
		{440317DC-DB75-402D-AB4C-FF3280A4C114}.Release|Any CPU.ActiveCfg = Release|Any CPU
		{440317DC-DB75-402D-AB4C-FF3280A4C114}.Release|Any CPU.Build.0 = Release|Any CPU
	EndGlobalSection
EndGlobal
